
Microsoft Visual Studio Solution File, Format Version 12.00
# Visual Studio Version 16
VisualStudioVersion = 16.0.29306.81
MinimumVisualStudioVersion = 10.0.40219.1
Project("{888888A0-9F3D-457C-B088-3A5042F75D52}") = "PythonMaze", "PythonMaze.pyproj", "{935A182F-EEBD-4024-AEEF-A4C81858D467}"
EndProject
Global
	GlobalSection(SolutionConfigurationPlatforms) = preSolution
		Debug|Any CPU = Debug|Any CPU
		Release|Any CPU = Release|Any CPU
	EndGlobalSection
	GlobalSection(ProjectConfigurationPlatforms) = postSolution
		{935A182F-EEBD-4024-AEEF-A4C81858D467}.Debug|Any CPU.ActiveCfg = Debug|Any CPU
		{935A182F-EEBD-4024-AEEF-A4C81858D467}.Release|Any CPU.ActiveCfg = Release|Any CPU
	EndGlobalSection
	GlobalSection(SolutionProperties) = preSolution
		HideSolutionNode = FALSE
	EndGlobalSection
	GlobalSection(ExtensibilityGlobals) = postSolution
		SolutionGuid = {06E55513-4144-4AAF-9B8F-2D7675369B5E}
	EndGlobalSection
EndGlobal
