
Microsoft Visual Studio Solution File, Format Version 12.00
# Visual Studio Version 16
VisualStudioVersion = 16.0.29306.81
MinimumVisualStudioVersion = 10.0.40219.1
Project("{888888A0-9F3D-457C-B088-3A5042F75D52}") = "Chapter 1", "Chapter 1.pyproj", "{AEE5EBBC-2262-400C-A777-6E66DA3A09F1}"
EndProject
Global
	GlobalSection(SolutionConfigurationPlatforms) = preSolution
		Debug|Any CPU = Debug|Any CPU
		Release|Any CPU = Release|Any CPU
	EndGlobalSection
	GlobalSection(ProjectConfigurationPlatforms) = postSolution
		{AEE5EBBC-2262-400C-A777-6E66DA3A09F1}.Debug|Any CPU.ActiveCfg = Debug|Any CPU
		{AEE5EBBC-2262-400C-A777-6E66DA3A09F1}.Release|Any CPU.ActiveCfg = Release|Any CPU
	EndGlobalSection
	GlobalSection(SolutionProperties) = preSolution
		HideSolutionNode = FALSE
	EndGlobalSection
	GlobalSection(ExtensibilityGlobals) = postSolution
		SolutionGuid = {6B0A0523-7638-4769-A72B-C88807AB19B5}
	EndGlobalSection
EndGlobal
