
Microsoft Visual Studio Solution File, Format Version 12.00
# Visual Studio Version 16
VisualStudioVersion = 16.0.29411.108
MinimumVisualStudioVersion = 10.0.40219.1
Project("{888888A0-9F3D-457C-B088-3A5042F75D52}") = "Chapter 3", "Chapter 3.pyproj", "{978BFE94-C37C-470C-B6AE-AB68855D13EA}"
EndProject
Global
	GlobalSection(SolutionConfigurationPlatforms) = preSolution
		Debug|Any CPU = Debug|Any CPU
		Release|Any CPU = Release|Any CPU
	EndGlobalSection
	GlobalSection(ProjectConfigurationPlatforms) = postSolution
		{978BFE94-C37C-470C-B6AE-AB68855D13EA}.Debug|Any CPU.ActiveCfg = Debug|Any CPU
		{978BFE94-C37C-470C-B6AE-AB68855D13EA}.Release|Any CPU.ActiveCfg = Release|Any CPU
	EndGlobalSection
	GlobalSection(SolutionProperties) = preSolution
		HideSolutionNode = FALSE
	EndGlobalSection
	GlobalSection(ExtensibilityGlobals) = postSolution
		SolutionGuid = {79C8DA5B-4380-49C2-A0E0-B0CAB00FBFA7}
	EndGlobalSection
EndGlobal
